PODS:
  - MWFeedParser (1.0.1):
    - MWFeedParser/FeedParser (= 1.0.1)
    - "MWFeedParser/NSDate+InternetDateTime (= 1.0.1)"
    - "MWFeedParser/NSString+HTML (= 1.0.1)"
  - MWFeedParser/FeedParser (1.0.1):
    - "MWFeedParser/NSDate+InternetDateTime"
    - "MWFeedParser/NSString+HTML"
  - "MWFeedParser/NSDate+InternetDateTime (1.0.1)"
  - "MWFeedParser/NSString+HTML (1.0.1)"

DEPENDENCIES:
  - MWFeedParser (from `/Users/woody/Desktop/personal/KK/MWFeedParser`)

EXTERNAL SOURCES:
  MWFeedParser:
    :path: "/Users/woody/Desktop/personal/KK/MWFeedParser"

SPEC CHECKSUMS:
  MWFeedParser: 3b7def9d9970c7340f450c5743a8c1cb27c00227

PODFILE CHECKSUM: 3db2d41d149d3fafbfeca3a34db33a313ef7e4c7

COCOAPODS: 1.11.3
